
Microsoft Visual Studio Solution File, Format Version 12.00
# Visual Studio Version 17
VisualStudioVersion = 17.6.33829.357
MinimumVisualStudioVersion = 10.0.40219.1
Project("{FAE04EC0-301F-11D3-BF4B-00C04F79EFBC}") = "DerinDusunce", "DerinDusunce.csproj", "{E93FBF2D-4873-4385-8668-695626A09941}"
EndProject
Global
	GlobalSection(SolutionConfigurationPlatforms) = preSolution
		Debug|Any CPU = Debug|Any CPU
		Release|Any CPU = Release|Any CPU
	EndGlobalSection
	GlobalSection(ProjectConfigurationPlatforms) = postSolution
		{E93FBF2D-4873-4385-8668-695626A09941}.Debug|Any CPU.ActiveCfg = Debug|Any CPU
		{E93FBF2D-4873-4385-8668-695626A09941}.Debug|Any CPU.Build.0 = Debug|Any CPU
		{E93FBF2D-4873-4385-8668-695626A09941}.Release|Any CPU.ActiveCfg = Release|Any CPU
		{E93FBF2D-4873-4385-8668-695626A09941}.Release|Any CPU.Build.0 = Release|Any CPU
	EndGlobalSection
	GlobalSection(SolutionProperties) = preSolution
		HideSolutionNode = FALSE
	EndGlobalSection
	GlobalSection(ExtensibilityGlobals) = postSolution
		SolutionGuid = {EA1F5ED9-D30B-4C7E-9036-2C907BB1A17F}
	EndGlobalSection
EndGlobal
